
Microsoft Visual Studio Solution File, Format Version 12.00
# Visual Studio 2012
Project("{FAE04EC0-301F-11D3-BF4B-00C04F79EFBC}") = "NXJC.UI.Web", "NXJC.UI.Web\NXJC.UI.Web.csproj", "{C52C7FA4-30F5-4F3B-96A7-213168993C5A}"
EndProject
Project("{FAE04EC0-301F-11D3-BF4B-00C04F79EFBC}") = "NXJC.Slim.Service", "NXJC.Slim.Service\NXJC.Slim.Service.csproj", "{83B28FD8-A569-432D-9CD1-9DE850BC8519}"
EndProject
Project("{FAE04EC0-301F-11D3-BF4B-00C04F79EFBC}") = "NXJC.Slim.Monitoring.Simulator", "NXJC.Slim.Monitoring.Simulator\NXJC.Slim.Monitoring.Simulator.csproj", "{D5A85099-8CAE-45F0-BF6B-4D580F32B70F}"
EndProject
Global
	GlobalSection(SolutionConfigurationPlatforms) = preSolution
		Debug|Any CPU = Debug|Any CPU
		Release|Any CPU = Release|Any CPU
	EndGlobalSection
	GlobalSection(ProjectConfigurationPlatforms) = postSolution
		{C52C7FA4-30F5-4F3B-96A7-213168993C5A}.Debug|Any CPU.ActiveCfg = Debug|Any CPU
		{C52C7FA4-30F5-4F3B-96A7-213168993C5A}.Debug|Any CPU.Build.0 = Debug|Any CPU
		{C52C7FA4-30F5-4F3B-96A7-213168993C5A}.Release|Any CPU.ActiveCfg = Release|Any CPU
		{C52C7FA4-30F5-4F3B-96A7-213168993C5A}.Release|Any CPU.Build.0 = Release|Any CPU
		{83B28FD8-A569-432D-9CD1-9DE850BC8519}.Debug|Any CPU.ActiveCfg = Debug|Any CPU
		{83B28FD8-A569-432D-9CD1-9DE850BC8519}.Debug|Any CPU.Build.0 = Debug|Any CPU
		{83B28FD8-A569-432D-9CD1-9DE850BC8519}.Release|Any CPU.ActiveCfg = Release|Any CPU
		{83B28FD8-A569-432D-9CD1-9DE850BC8519}.Release|Any CPU.Build.0 = Release|Any CPU
		{D5A85099-8CAE-45F0-BF6B-4D580F32B70F}.Debug|Any CPU.ActiveCfg = Debug|Any CPU
		{D5A85099-8CAE-45F0-BF6B-4D580F32B70F}.Debug|Any CPU.Build.0 = Debug|Any CPU
		{D5A85099-8CAE-45F0-BF6B-4D580F32B70F}.Release|Any CPU.ActiveCfg = Release|Any CPU
		{D5A85099-8CAE-45F0-BF6B-4D580F32B70F}.Release|Any CPU.Build.0 = Release|Any CPU
	EndGlobalSection
	GlobalSection(SolutionProperties) = preSolution
		HideSolutionNode = FALSE
	EndGlobalSection
EndGlobal
